// !$*UTF8*$!
{
	archiveVersion = 1;
	classes = {
	};
	objectVersion = 50;
	objects = {

/* Begin PBXBuildFile section */
		FA8535AA24E1DFAA00E0DF26 /* AppDelegate.m in Sources */ = {isa = PBXBuildFile; fileRef = FA8535A924E1DFAA00E0DF26 /* AppDelegate.m */; };
		FA8535AD24E1DFAA00E0DF26 /* SceneDelegate.m in Sources */ = {isa = PBXBuildFile; fileRef = FA8535AC24E1DFAA00E0DF26 /* SceneDelegate.m */; };
		FA8535B324E1DFAA00E0DF26 /* Main.storyboard in Resources */ = {isa = PBXBuildFile; fileRef = FA8535B124E1DFAA00E0DF26 /* Main.storyboard */; };
		FA8535B524E1DFAA00E0DF26 /* Assets.xcassets in Resources */ = {isa = PBXBuildFile; fileRef = FA8535B424E1DFAA00E0DF26 /* Assets.xcassets */; };
		FA8535B824E1DFAA00E0DF26 /* LaunchScreen.storyboard in Resources */ = {isa = PBXBuildFile; fileRef = FA8535B624E1DFAA00E0DF26 /* LaunchScreen.storyboard */; };
		FA8535BB24E1DFAA00E0DF26 /* main.m in Sources */ = {isa = PBXBuildFile; fileRef = FA8535BA24E1DFAA00E0DF26 /* main.m */; };
		FA8535CB24E1E23800E0DF26 /* AXLEntry.m in Sources */ = {isa = PBXBuildFile; fileRef = FA8535CA24E1E23800E0DF26 /* AXLEntry.m */; };
		FA8535CE24E1E90400E0DF26 /* AXLEntryController.m in Sources */ = {isa = PBXBuildFile; fileRef = FA8535CD24E1E90400E0DF26 /* AXLEntryController.m */; };
		FA8535D124E1F5CD00E0DF26 /* AXLEntryListTableViewController.m in Sources */ = {isa = PBXBuildFile; fileRef = FA8535D024E1F5CD00E0DF26 /* AXLEntryListTableViewController.m */; };
		FA8535D424E1F5E300E0DF26 /* AXLEntryDetailViewController.m in Sources */ = {isa = PBXBuildFile; fileRef = FA8535D324E1F5E300E0DF26 /* AXLEntryDetailViewController.m */; };
/* End PBXBuildFile section */

/* Begin PBXFileReference section */
		FA8535A524E1DFAA00E0DF26 /* JournalObjC35.app */ = {isa = PBXFileReference; explicitFileType = wrapper.application; includeInIndex = 0; path = JournalObjC35.app; sourceTree = BUILT_PRODUCTS_DIR; };
		FA8535A824E1DFAA00E0DF26 /* AppDelegate.h */ = {isa = PBXFileReference; lastKnownFileType = sourcecode.c.h; path = AppDelegate.h; sourceTree = "<group>"; };
		FA8535A924E1DFAA00E0DF26 /* AppDelegate.m */ = {isa = PBXFileReference; lastKnownFileType = sourcecode.c.objc; path = AppDelegate.m; sourceTree = "<group>"; };
		FA8535AB24E1DFAA00E0DF26 /* SceneDelegate.h */ = {isa = PBXFileReference; lastKnownFileType = sourcecode.c.h; path = SceneDelegate.h; sourceTree = "<group>"; };
		FA8535AC24E1DFAA00E0DF26 /* SceneDelegate.m */ = {isa = PBXFileReference; lastKnownFileType = sourcecode.c.objc; path = SceneDelegate.m; sourceTree = "<group>"; };
		FA8535B224E1DFAA00E0DF26 /* Base */ = {isa = PBXFileReference; lastKnownFileType = file.storyboard; name = Base; path = Base.lproj/Main.storyboard; sourceTree = "<group>"; };
		FA8535B424E1DFAA00E0DF26 /* Assets.xcassets */ = {isa = PBXFileReference; lastKnownFileType = folder.assetcatalog; path = Assets.xcassets; sourceTree = "<group>"; };
		FA8535B724E1DFAA00E0DF26 /* Base */ = {isa = PBXFileReference; lastKnownFileType = file.storyboard; name = Base; path = Base.lproj/LaunchScreen.storyboard; sourceTree = "<group>"; };
		FA8535B924E1DFAA00E0DF26 /* Info.plist */ = {isa = PBXFileReference; lastKnownFileType = text.plist.xml; path = Info.plist; sourceTree = "<group>"; };
		FA8535BA24E1DFAA00E0DF26 /* main.m */ = {isa = PBXFileReference; lastKnownFileType = sourcecode.c.objc; path = main.m; sourceTree = "<group>"; };
		FA8535C924E1E23800E0DF26 /* AXLEntry.h */ = {isa = PBXFileReference; lastKnownFileType = sourcecode.c.h; path = AXLEntry.h; sourceTree = "<group>"; };
		FA8535CA24E1E23800E0DF26 /* AXLEntry.m */ = {isa = PBXFileReference; lastKnownFileType = sourcecode.c.objc; path = AXLEntry.m; sourceTree = "<group>"; };
		FA8535CC24E1E90400E0DF26 /* AXLEntryController.h */ = {isa = PBXFileReference; lastKnownFileType = sourcecode.c.h; path = AXLEntryController.h; sourceTree = "<group>"; };
		FA8535CD24E1E90400E0DF26 /* AXLEntryController.m */ = {isa = PBXFileReference; lastKnownFileType = sourcecode.c.objc; path = AXLEntryController.m; sourceTree = "<group>"; };
		FA8535CF24E1F5CD00E0DF26 /* AXLEntryListTableViewController.h */ = {isa = PBXFileReference; lastKnownFileType = sourcecode.c.h; path = AXLEntryListTableViewController.h; sourceTree = "<group>"; };
		FA8535D024E1F5CD00E0DF26 /* AXLEntryListTableViewController.m */ = {isa = PBXFileReference; lastKnownFileType = sourcecode.c.objc; path = AXLEntryListTableViewController.m; sourceTree = "<group>"; };
		FA8535D224E1F5E300E0DF26 /* AXLEntryDetailViewController.h */ = {isa = PBXFileReference; lastKnownFileType = sourcecode.c.h; path = AXLEntryDetailViewController.h; sourceTree = "<group>"; };
		FA8535D324E1F5E300E0DF26 /* AXLEntryDetailViewController.m */ = {isa = PBXFileReference; lastKnownFileType = sourcecode.c.objc; path = AXLEntryDetailViewController.m; sourceTree = "<group>"; };
/* End PBXFileReference section */

/* Begin PBXFrameworksBuildPhase section */
		FA8535A224E1DFAA00E0DF26 /* Frameworks */ = {
			isa = PBXFrameworksBuildPhase;
			buildActionMask = 2147483647;
			files = (
			);
			runOnlyForDeploymentPostprocessing = 0;
		};
/* End PBXFrameworksBuildPhase section */

/* Begin PBXGroup section */
		FA85359C24E1DFAA00E0DF26 = {
			isa = PBXGroup;
			children = (
				FA8535A724E1DFAA00E0DF26 /* JournalObjC35 */,
				FA8535A624E1DFAA00E0DF26 /* Products */,
			);
			sourceTree = "<group>";
		};
		FA8535A624E1DFAA00E0DF26 /* Products */ = {
			isa = PBXGroup;
			children = (
				FA8535A524E1DFAA00E0DF26 /* JournalObjC35.app */,
			);
			name = Products;
			sourceTree = "<group>";
		};
		FA8535A724E1DFAA00E0DF26 /* JournalObjC35 */ = {
			isa = PBXGroup;
			children = (
				FA8535C624E1E05D00E0DF26 /* Views */,
				FA8535C524E1E05A00E0DF26 /* Helpers */,
				FA8535C424E1E05500E0DF26 /* Controllers */,
				FA8535C324E1E02100E0DF26 /* Models */,
				FA8535C124E1DFC300E0DF26 /* Resources */,
				FA8535C224E1DFE700E0DF26 /* Storyboards */,
			);
			path = JournalObjC35;
			sourceTree = "<group>";
		};
		FA8535C124E1DFC300E0DF26 /* Resources */ = {
			isa = PBXGroup;
			children = (
				FA8535A824E1DFAA00E0DF26 /* AppDelegate.h */,
				FA8535A924E1DFAA00E0DF26 /* AppDelegate.m */,
				FA8535AB24E1DFAA00E0DF26 /* SceneDelegate.h */,
				FA8535AC24E1DFAA00E0DF26 /* SceneDelegate.m */,
				FA8535B424E1DFAA00E0DF26 /* Assets.xcassets */,
				FA8535B924E1DFAA00E0DF26 /* Info.plist */,
				FA8535BA24E1DFAA00E0DF26 /* main.m */,
			);
			path = Resources;
			sourceTree = "<group>";
		};
		FA8535C224E1DFE700E0DF26 /* Storyboards */ = {
			isa = PBXGroup;
			children = (
				FA8535B124E1DFAA00E0DF26 /* Main.storyboard */,
				FA8535B624E1DFAA00E0DF26 /* LaunchScreen.storyboard */,
			);
			path = Storyboards;
			sourceTree = "<group>";
		};
		FA8535C324E1E02100E0DF26 /* Models */ = {
			isa = PBXGroup;
			children = (
				FA8535C924E1E23800E0DF26 /* AXLEntry.h */,
				FA8535CA24E1E23800E0DF26 /* AXLEntry.m */,
			);
			path = Models;
			sourceTree = "<group>";
		};
		FA8535C424E1E05500E0DF26 /* Controllers */ = {
			isa = PBXGroup;
			children = (
				FA8535C824E1E1BB00E0DF26 /* View Controllers */,
				FA8535C724E1E1B400E0DF26 /* Model Controllers */,
			);
			path = Controllers;
			sourceTree = "<group>";
		};
		FA8535C524E1E05A00E0DF26 /* Helpers */ = {
			isa = PBXGroup;
			children = (
			);
			path = Helpers;
			sourceTree = "<group>";
		};
		FA8535C624E1E05D00E0DF26 /* Views */ = {
			isa = PBXGroup;
			children = (
			);
			path = Views;
			sourceTree = "<group>";
		};
		FA8535C724E1E1B400E0DF26 /* Model Controllers */ = {
			isa = PBXGroup;
			children = (
				FA8535CC24E1E90400E0DF26 /* AXLEntryController.h */,
				FA8535CD24E1E90400E0DF26 /* AXLEntryController.m */,
			);
			path = "Model Controllers";
			sourceTree = "<group>";
		};
		FA8535C824E1E1BB00E0DF26 /* View Controllers */ = {
			isa = PBXGroup;
			children = (
				FA8535CF24E1F5CD00E0DF26 /* AXLEntryListTableViewController.h */,
				FA8535D024E1F5CD00E0DF26 /* AXLEntryListTableViewController.m */,
				FA8535D224E1F5E300E0DF26 /* AXLEntryDetailViewController.h */,
				FA8535D324E1F5E300E0DF26 /* AXLEntryDetailViewController.m */,
			);
			path = "View Controllers";
			sourceTree = "<group>";
		};
/* End PBXGroup section */

/* Begin PBXNativeTarget section */
		FA8535A424E1DFAA00E0DF26 /* JournalObjC35 */ = {
			isa = PBXNativeTarget;
			buildConfigurationList = FA8535BE24E1DFAA00E0DF26 /* Build configuration list for PBXNativeTarget "JournalObjC35" */;
			buildPhases = (
				FA8535A124E1DFAA00E0DF26 /* Sources */,
				FA8535A224E1DFAA00E0DF26 /* Frameworks */,
				FA8535A324E1DFAA00E0DF26 /* Resources */,
			);
			buildRules = (
			);
			dependencies = (
			);
			name = JournalObjC35;
			productName = JournalObjC35;
			productReference = FA8535A524E1DFAA00E0DF26 /* JournalObjC35.app */;
			productType = "com.apple.product-type.application";
		};
/* End PBXNativeTarget section */

/* Begin PBXProject section */
		FA85359D24E1DFAA00E0DF26 /* Project object */ = {
			isa = PBXProject;
			attributes = {
				CLASSPREFIX = AXL;
				LastUpgradeCheck = 1160;
				ORGANIZATIONNAME = "Alex Lundquist";
				TargetAttributes = {
					FA8535A424E1DFAA00E0DF26 = {
						CreatedOnToolsVersion = 11.6;
					};
				};
			};
			buildConfigurationList = FA8535A024E1DFAA00E0DF26 /* Build configuration list for PBXProject "JournalObjC35" */;
			compatibilityVersion = "Xcode 9.3";
			developmentRegion = en;
			hasScannedForEncodings = 0;
			knownRegions = (
				en,
				Base,
			);
			mainGroup = FA85359C24E1DFAA00E0DF26;
			productRefGroup = FA8535A624E1DFAA00E0DF26 /* Products */;
			projectDirPath = "";
			projectRoot = "";
			targets = (
				FA8535A424E1DFAA00E0DF26 /* JournalObjC35 */,
			);
		};
/* End PBXProject section */

/* Begin PBXResourcesBuildPhase section */
		FA8535A324E1DFAA00E0DF26 /* Resources */ = {
			isa = PBXResourcesBuildPhase;
			buildActionMask = 2147483647;
			files = (
				FA8535B824E1DFAA00E0DF26 /* LaunchScreen.storyboard in Resources */,
				FA8535B524E1DFAA00E0DF26 /* Assets.xcassets in Resources */,
				FA8535B324E1DFAA00E0DF26 /* Main.storyboard in Resources */,
			);
			runOnlyForDeploymentPostprocessing = 0;
		};
/* End PBXResourcesBuildPhase section */

/* Begin PBXSourcesBuildPhase section */
		FA8535A124E1DFAA00E0DF26 /* Sources */ = {
			isa = PBXSourcesBuildPhase;
			buildActionMask = 2147483647;
			files = (
				FA8535D124E1F5CD00E0DF26 /* AXLEntryListTableViewController.m in Sources */,
				FA8535CB24E1E23800E0DF26 /* AXLEntry.m in Sources */,
				FA8535AA24E1DFAA00E0DF26 /* AppDelegate.m in Sources */,
				FA8535D424E1F5E300E0DF26 /* AXLEntryDetailViewController.m in Sources */,
				FA8535CE24E1E90400E0DF26 /* AXLEntryController.m in Sources */,
				FA8535BB24E1DFAA00E0DF26 /* main.m in Sources */,
				FA8535AD24E1DFAA00E0DF26 /* SceneDelegate.m in Sources */,
			);
			runOnlyForDeploymentPostprocessing = 0;
		};
/* End PBXSourcesBuildPhase section */

/* Begin PBXVariantGroup section */
		FA8535B124E1DFAA00E0DF26 /* Main.storyboard */ = {
			isa = PBXVariantGroup;
			children = (
				FA8535B224E1DFAA00E0DF26 /* Base */,
			);
			name = Main.storyboard;
			sourceTree = "<group>";
		};
		FA8535B624E1DFAA00E0DF26 /* LaunchScreen.storyboard */ = {
			isa = PBXVariantGroup;
			children = (
				FA8535B724E1DFAA00E0DF26 /* Base */,
			);
			name = LaunchScreen.storyboard;
			sourceTree = "<group>";
		};
/* End PBXVariantGroup section */

/* Begin XCBuildConfiguration section */
		FA8535BC24E1DFAA00E0DF26 /* Debug */ = {
			isa = XCBuildConfiguration;
			buildSettings = {
				ALWAYS_SEARCH_USER_PATHS = NO;
				CLANG_ANALYZER_NONNULL = YES;
				CLANG_ANALYZER_NUMBER_OBJECT_CONVERSION = YES_AGGRESSIVE;
				CLANG_CXX_LANGUAGE_STANDARD = "gnu++14";
				CLANG_CXX_LIBRARY = "libc++";
				CLANG_ENABLE_MODULES = YES;
				CLANG_ENABLE_OBJC_ARC = YES;
				CLANG_ENABLE_OBJC_WEAK = YES;
				CLANG_WARN_BLOCK_CAPTURE_AUTORELEASING = YES;
				CLANG_WARN_BOOL_CONVERSION = YES;
				CLANG_WARN_COMMA = YES;
				CLANG_WARN_CONSTANT_CONVERSION = YES;
				CLANG_WARN_DEPRECATED_OBJC_IMPLEMENTATIONS = YES;
				CLANG_WARN_DIRECT_OBJC_ISA_USAGE = YES_ERROR;
				CLANG_WARN_DOCUMENTATION_COMMENTS = YES;
				CLANG_WARN_EMPTY_BODY = YES;
				CLANG_WARN_ENUM_CONVERSION = YES;
				CLANG_WARN_INFINITE_RECURSION = YES;
				CLANG_WARN_INT_CONVERSION = YES;
				CLANG_WARN_NON_LITERAL_NULL_CONVERSION = YES;
				CLANG_WARN_OBJC_IMPLICIT_RETAIN_SELF = YES;
				CLANG_WARN_OBJC_LITERAL_CONVERSION = YES;
				CLANG_WARN_OBJC_ROOT_CLASS = YES_ERROR;
				CLANG_WARN_RANGE_LOOP_ANALYSIS = YES;
				CLANG_WARN_STRICT_PROTOTYPES = YES;
				CLANG_WARN_SUSPICIOUS_MOVE = YES;
				CLANG_WARN_UNGUARDED_AVAILABILITY = YES_AGGRESSIVE;
				CLANG_WARN_UNREACHABLE_CODE = YES;
				CLANG_WARN__DUPLICATE_METHOD_MATCH = YES;
				COPY_PHASE_STRIP = NO;
				DEBUG_INFORMATION_FORMAT = dwarf;
				ENABLE_STRICT_OBJC_MSGSEND = YES;
				ENABLE_TESTABILITY = YES;
				GCC_C_LANGUAGE_STANDARD = gnu11;
				GCC_DYNAMIC_NO_PIC = NO;
				GCC_NO_COMMON_BLOCKS = YES;
				GCC_OPTIMIZATION_LEVEL = 0;
				GCC_PREPROCESSOR_DEFINITIONS = (
					"DEBUG=1",
					"$(inherited)",
				);
				GCC_WARN_64_TO_32_BIT_CONVERSION = YES;
				GCC_WARN_ABOUT_RETURN_TYPE = YES_ERROR;
				GCC_WARN_UNDECLARED_SELECTOR = YES;
				GCC_WARN_UNINITIALIZED_AUTOS = YES_AGGRESSIVE;
				GCC_WARN_UNUSED_FUNCTION = YES;
				GCC_WARN_UNUSED_VARIABLE = YES;
				IPHONEOS_DEPLOYMENT_TARGET = 13.6;
				MTL_ENABLE_DEBUG_INFO = INCLUDE_SOURCE;
				MTL_FAST_MATH = YES;
				ONLY_ACTIVE_ARCH = YES;
				SDKROOT = iphoneos;
			};
			name = Debug;
		};
		FA8535BD24E1DFAA00E0DF26 /* Release */ = {
			isa = XCBuildConfiguration;
			buildSettings = {
				ALWAYS_SEARCH_USER_PATHS = NO;
				CLANG_ANALYZER_NONNULL = YES;
				CLANG_ANALYZER_NUMBER_OBJECT_CONVERSION = YES_AGGRESSIVE;
				CLANG_CXX_LANGUAGE_STANDARD = "gnu++14";
				CLANG_CXX_LIBRARY = "libc++";
				CLANG_ENABLE_MODULES = YES;
				CLANG_ENABLE_OBJC_ARC = YES;
				CLANG_ENABLE_OBJC_WEAK = YES;
				CLANG_WARN_BLOCK_CAPTURE_AUTORELEASING = YES;
				CLANG_WARN_BOOL_CONVERSION = YES;
				CLANG_WARN_COMMA = YES;
				CLANG_WARN_CONSTANT_CONVERSION = YES;
				CLANG_WARN_DEPRECATED_OBJC_IMPLEMENTATIONS = YES;
				CLANG_WARN_DIRECT_OBJC_ISA_USAGE = YES_ERROR;
				CLANG_WARN_DOCUMENTATION_COMMENTS = YES;
				CLANG_WARN_EMPTY_BODY = YES;
				CLANG_WARN_ENUM_CONVERSION = YES;
				CLANG_WARN_INFINITE_RECURSION = YES;
				CLANG_WARN_INT_CONVERSION = YES;
				CLANG_WARN_NON_LITERAL_NULL_CONVERSION = YES;
				CLANG_WARN_OBJC_IMPLICIT_RETAIN_SELF = YES;
				CLANG_WARN_OBJC_LITERAL_CONVERSION = YES;
				CLANG_WARN_OBJC_ROOT_CLASS = YES_ERROR;
				CLANG_WARN_RANGE_LOOP_ANALYSIS = YES;
				CLANG_WARN_STRICT_PROTOTYPES = YES;
				CLANG_WARN_SUSPICIOUS_MOVE = YES;
				CLANG_WARN_UNGUARDED_AVAILABILITY = YES_AGGRESSIVE;
				CLANG_WARN_UNREACHABLE_CODE = YES;
				CLANG_WARN__DUPLICATE_METHOD_MATCH = YES;
				COPY_PHASE_STRIP = NO;
				DEBUG_INFORMATION_FORMAT = "dwarf-with-dsym";
				ENABLE_NS_ASSERTIONS = NO;
				ENABLE_STRICT_OBJC_MSGSEND = YES;
				GCC_C_LANGUAGE_STANDARD = gnu11;
				GCC_NO_COMMON_BLOCKS = YES;
				GCC_WARN_64_TO_32_BIT_CONVERSION = YES;
				GCC_WARN_ABOUT_RETURN_TYPE = YES_ERROR;
				GCC_WARN_UNDECLARED_SELECTOR = YES;
				GCC_WARN_UNINITIALIZED_AUTOS = YES_AGGRESSIVE;
				GCC_WARN_UNUSED_FUNCTION = YES;
				GCC_WARN_UNUSED_VARIABLE = YES;
				IPHONEOS_DEPLOYMENT_TARGET = 13.6;
				MTL_ENABLE_DEBUG_INFO = NO;
				MTL_FAST_MATH = YES;
				SDKROOT = iphoneos;
				VALIDATE_PRODUCT = YES;
			};
			name = Release;
		};
		FA8535BF24E1DFAA00E0DF26 /* Debug */ = {
			isa = XCBuildConfiguration;
			buildSettings = {
				ASSETCATALOG_COMPILER_APPICON_NAME = AppIcon;
				CODE_SIGN_STYLE = Automatic;
				DEVELOPMENT_TEAM = UUS58J95U8;
				INFOPLIST_FILE = JournalObjC35/Resources/Info.plist;
				LD_RUNPATH_SEARCH_PATHS = (
					"$(inherited)",
					"@executable_path/Frameworks",
				);
				PRODUCT_BUNDLE_IDENTIFIER = com.alexlundquist.JournalObjC35;
				PRODUCT_NAME = "$(TARGET_NAME)";
				TARGETED_DEVICE_FAMILY = "1,2";
			};
			name = Debug;
		};
		FA8535C024E1DFAA00E0DF26 /* Release */ = {
			isa = XCBuildConfiguration;
			buildSettings = {
				ASSETCATALOG_COMPILER_APPICON_NAME = AppIcon;
				CODE_SIGN_STYLE = Automatic;
				DEVELOPMENT_TEAM = UUS58J95U8;
				INFOPLIST_FILE = JournalObjC35/Resources/Info.plist;
				LD_RUNPATH_SEARCH_PATHS = (
					"$(inherited)",
					"@executable_path/Frameworks",
				);
				PRODUCT_BUNDLE_IDENTIFIER = com.alexlundquist.JournalObjC35;
				PRODUCT_NAME = "$(TARGET_NAME)";
				TARGETED_DEVICE_FAMILY = "1,2";
			};
			name = Release;
		};
/* End XCBuildConfiguration section */

/* Begin XCConfigurationList section */
		FA8535A024E1DFAA00E0DF26 /* Build configuration list for PBXProject "JournalObjC35" */ = {
			isa = XCConfigurationList;
			buildConfigurations = (
				FA8535BC24E1DFAA00E0DF26 /* Debug */,
				FA8535BD24E1DFAA00E0DF26 /* Release */,
			);
			defaultConfigurationIsVisible = 0;
			defaultConfigurationName = Release;
		};
		FA8535BE24E1DFAA00E0DF26 /* Build configuration list for PBXNativeTarget "JournalObjC35" */ = {
			isa = XCConfigurationList;
			buildConfigurations = (
				FA8535BF24E1DFAA00E0DF26 /* Debug */,
				FA8535C024E1DFAA00E0DF26 /* Release */,
			);
			defaultConfigurationIsVisible = 0;
			defaultConfigurationName = Release;
		};
/* End XCConfigurationList section */
	};
	rootObject = FA85359D24E1DFAA00E0DF26 /* Project object */;
}
